
Microsoft Visual Studio Solution File, Format Version 12.00
# Visual Studio Version 16
VisualStudioVersion = 16.0.32407.337
MinimumVisualStudioVersion = 10.0.40219.1
Project("{FAE04EC0-301F-11D3-BF4B-00C04F79EFBC}") = "WindowsFormsApp1", "WindowsFormsApp1\WindowsFormsApp1.csproj", "{28E1B1DF-24EF-4B27-82E3-063939CBA7D2}"
EndProject
Global
	GlobalSection(SolutionConfigurationPlatforms) = preSolution
		Debug|Any CPU = Debug|Any CPU
		Release|Any CPU = Release|Any CPU
	EndGlobalSection
	GlobalSection(ProjectConfigurationPlatforms) = postSolution
		{28E1B1DF-24EF-4B27-82E3-063939CBA7D2}.Debug|Any CPU.ActiveCfg = Debug|Any CPU
		{28E1B1DF-24EF-4B27-82E3-063939CBA7D2}.Debug|Any CPU.Build.0 = Debug|Any CPU
		{28E1B1DF-24EF-4B27-82E3-063939CBA7D2}.Release|Any CPU.ActiveCfg = Release|Any CPU
		{28E1B1DF-24EF-4B27-82E3-063939CBA7D2}.Release|Any CPU.Build.0 = Release|Any CPU
	EndGlobalSection
	GlobalSection(SolutionProperties) = preSolution
		HideSolutionNode = FALSE
	EndGlobalSection
	GlobalSection(ExtensibilityGlobals) = postSolution
		SolutionGuid = {F71151F5-1C89-4C6B-B7D7-6CC33657ADA7}
	EndGlobalSection
EndGlobal
