
Microsoft Visual Studio Solution File, Format Version 12.00
# Visual Studio Version 16
VisualStudioVersion = 16.0.31829.152
MinimumVisualStudioVersion = 10.0.40219.1
Project("{FAE04EC0-301F-11D3-BF4B-00C04F79EFBC}") = "Calculadora", "Calculadora\Calculadora.csproj", "{55997182-8772-41DF-98AC-C64A0743FE93}"
EndProject
Global
	GlobalSection(SolutionConfigurationPlatforms) = preSolution
		Debug|Any CPU = Debug|Any CPU
		Release|Any CPU = Release|Any CPU
	EndGlobalSection
	GlobalSection(ProjectConfigurationPlatforms) = postSolution
		{55997182-8772-41DF-98AC-C64A0743FE93}.Debug|Any CPU.ActiveCfg = Debug|Any CPU
		{55997182-8772-41DF-98AC-C64A0743FE93}.Debug|Any CPU.Build.0 = Debug|Any CPU
		{55997182-8772-41DF-98AC-C64A0743FE93}.Release|Any CPU.ActiveCfg = Release|Any CPU
		{55997182-8772-41DF-98AC-C64A0743FE93}.Release|Any CPU.Build.0 = Release|Any CPU
	EndGlobalSection
	GlobalSection(SolutionProperties) = preSolution
		HideSolutionNode = FALSE
	EndGlobalSection
	GlobalSection(ExtensibilityGlobals) = postSolution
		SolutionGuid = {D67C104C-6C56-4404-9692-C85AAC3C8321}
	EndGlobalSection
EndGlobal
